PODS:
  - NSFuture (1.0.0)
  - SnapKit (5.6.0)

DEPENDENCIES:
  - NSFuture (from `../`)
  - SnapKit

SPEC REPOS:
  trunk:
    - SnapKit

EXTERNAL SOURCES:
  NSFuture:
    :path: "../"

SPEC CHECKSUMS:
  NSFuture: 44746e477d4dd961789e4f5b06d897efa22fcc61
  SnapKit: e01d52ebb8ddbc333eefe2132acf85c8227d9c25

PODFILE CHECKSUM: cf63acd5fd8bbe864bfba507ac4884f46995ff78

COCOAPODS: 1.11.3
